// !$*UTF8*$!
{
	archiveVersion = 1;
	classes = {
	};
	objectVersion = 77;
	objects = {

/* Begin PBXBuildFile section */
		1E973B0F2E8E532C002D67F6 /* SnapKit in Frameworks */ = {isa = PBXBuildFile; productRef = 1E973B0E2E8E532C002D67F6 /* SnapKit */; };
/* End PBXBuildFile section */

/* Begin PBXContainerItemProxy section */
		40689CCA2E8DF8A9009E4E7A /* PBXContainerItemProxy */ = {
			isa = PBXContainerItemProxy;
			containerPortal = 40689CA82E8DF8A7009E4E7A /* Project object */;
			proxyType = 1;
			remoteGlobalIDString = 40689CAF2E8DF8A7009E4E7A;
			remoteInfo = UIKit_Coding;
		};
		40689CD42E8DF8A9009E4E7A /* PBXContainerItemProxy */ = {
			isa = PBXContainerItemProxy;
			containerPortal = 40689CA82E8DF8A7009E4E7A /* Project object */;
			proxyType = 1;
			remoteGlobalIDString = 40689CAF2E8DF8A7009E4E7A;
			remoteInfo = UIKit_Coding;
		};
/* End PBXContainerItemProxy section */

/* Begin PBXFileReference section */
		40689CB02E8DF8A7009E4E7A /* UIKit_Coding.app */ = {isa = PBXFileReference; explicitFileType = wrapper.application; includeInIndex = 0; path = UIKit_Coding.app; sourceTree = BUILT_PRODUCTS_DIR; };
		40689CC92E8DF8A9009E4E7A /* UIKit_CodingTests.xctest */ = {isa = PBXFileReference; explicitFileType = wrapper.cfbundle; includeInIndex = 0; path = UIKit_CodingTests.xctest; sourceTree = BUILT_PRODUCTS_DIR; };
		40689CD32E8DF8A9009E4E7A /* UIKit_CodingUITests.xctest */ = {isa = PBXFileReference; explicitFileType = wrapper.cfbundle; includeInIndex = 0; path = UIKit_CodingUITests.xctest; sourceTree = BUILT_PRODUCTS_DIR; };
/* End PBXFileReference section */

/* Begin PBXFileSystemSynchronizedBuildFileExceptionSet section */
		40689CDB2E8DF8A9009E4E7A /* Exceptions for "UIKit_Coding" folder in "UIKit_Coding" target */ = {
			isa = PBXFileSystemSynchronizedBuildFileExceptionSet;
			membershipExceptions = (
				Info.plist,
			);
			target = 40689CAF2E8DF8A7009E4E7A /* UIKit_Coding */;
		};
/* End PBXFileSystemSynchronizedBuildFileExceptionSet section */

/* Begin PBXFileSystemSynchronizedRootGroup section */
		40689CB22E8DF8A7009E4E7A /* UIKit_Coding */ = {
			isa = PBXFileSystemSynchronizedRootGroup;
			exceptions = (
				40689CDB2E8DF8A9009E4E7A /* Exceptions for "UIKit_Coding" folder in "UIKit_Coding" target */,
			);
			path = UIKit_Coding;
			sourceTree = "<group>";
		};
		40689CCC2E8DF8A9009E4E7A /* UIKit_CodingTests */ = {
			isa = PBXFileSystemSynchronizedRootGroup;
			path = UIKit_CodingTests;
			sourceTree = "<group>";
		};
		40689CD62E8DF8A9009E4E7A /* UIKit_CodingUITests */ = {
			isa = PBXFileSystemSynchronizedRootGroup;
			path = UIKit_CodingUITests;
			sourceTree = "<group>";
		};
/* End PBXFileSystemSynchronizedRootGroup section */

/* Begin PBXFrameworksBuildPhase section */
		40689CAD2E8DF8A7009E4E7A /* Frameworks */ = {
			isa = PBXFrameworksBuildPhase;
			buildActionMask = 2147483647;
			files = (
				1E973B0F2E8E532C002D67F6 /* SnapKit in Frameworks */,
			);
			runOnlyForDeploymentPostprocessing = 0;
		};
		40689CC62E8DF8A9009E4E7A /* Frameworks */ = {
			isa = PBXFrameworksBuildPhase;
			buildActionMask = 2147483647;
			files = (
			);
			runOnlyForDeploymentPostprocessing = 0;
		};
		40689CD02E8DF8A9009E4E7A /* Frameworks */ = {
			isa = PBXFrameworksBuildPhase;
			buildActionMask = 2147483647;
			files = (
			);
			runOnlyForDeploymentPostprocessing = 0;
		};
/* End PBXFrameworksBuildPhase section */

/* Begin PBXGroup section */
		40689CA72E8DF8A7009E4E7A = {
			isa = PBXGroup;
			children = (
				40689CB22E8DF8A7009E4E7A /* UIKit_Coding */,
				40689CCC2E8DF8A9009E4E7A /* UIKit_CodingTests */,
				40689CD62E8DF8A9009E4E7A /* UIKit_CodingUITests */,
				40689CB12E8DF8A7009E4E7A /* Products */,
			);
			sourceTree = "<group>";
		};
		40689CB12E8DF8A7009E4E7A /* Products */ = {
			isa = PBXGroup;
			children = (
				40689CB02E8DF8A7009E4E7A /* UIKit_Coding.app */,
				40689CC92E8DF8A9009E4E7A /* UIKit_CodingTests.xctest */,
				40689CD32E8DF8A9009E4E7A /* UIKit_CodingUITests.xctest */,
			);
			name = Products;
			sourceTree = "<group>";
		};
/* End PBXGroup section */

/* Begin PBXNativeTarget section */
		40689CAF2E8DF8A7009E4E7A /* UIKit_Coding */ = {
			isa = PBXNativeTarget;
			buildConfigurationList = 40689CDC2E8DF8A9009E4E7A /* Build configuration list for PBXNativeTarget "UIKit_Coding" */;
			buildPhases = (
				40689CAC2E8DF8A7009E4E7A /* Sources */,
				40689CAD2E8DF8A7009E4E7A /* Frameworks */,
				40689CAE2E8DF8A7009E4E7A /* Resources */,
			);
			buildRules = (
			);
			dependencies = (
			);
			fileSystemSynchronizedGroups = (
				40689CB22E8DF8A7009E4E7A /* UIKit_Coding */,
			);
			name = UIKit_Coding;
			packageProductDependencies = (
				1E973B0E2E8E532C002D67F6 /* SnapKit */,
			);
			productName = UIKit_Coding;
			productReference = 40689CB02E8DF8A7009E4E7A /* UIKit_Coding.app */;
			productType = "com.apple.product-type.application";
		};
		40689CC82E8DF8A9009E4E7A /* UIKit_CodingTests */ = {
			isa = PBXNativeTarget;
			buildConfigurationList = 40689CE12E8DF8A9009E4E7A /* Build configuration list for PBXNativeTarget "UIKit_CodingTests" */;
			buildPhases = (
				40689CC52E8DF8A9009E4E7A /* Sources */,
				40689CC62E8DF8A9009E4E7A /* Frameworks */,
				40689CC72E8DF8A9009E4E7A /* Resources */,
			);
			buildRules = (
			);
			dependencies = (
				40689CCB2E8DF8A9009E4E7A /* PBXTargetDependency */,
			);
			fileSystemSynchronizedGroups = (
				40689CCC2E8DF8A9009E4E7A /* UIKit_CodingTests */,
			);
			name = UIKit_CodingTests;
			packageProductDependencies = (
			);
			productName = UIKit_CodingTests;
			productReference = 40689CC92E8DF8A9009E4E7A /* UIKit_CodingTests.xctest */;
			productType = "com.apple.product-type.bundle.unit-test";
		};
		40689CD22E8DF8A9009E4E7A /* UIKit_CodingUITests */ = {
			isa = PBXNativeTarget;
			buildConfigurationList = 40689CE42E8DF8A9009E4E7A /* Build configuration list for PBXNativeTarget "UIKit_CodingUITests" */;
			buildPhases = (
				40689CCF2E8DF8A9009E4E7A /* Sources */,
				40689CD02E8DF8A9009E4E7A /* Frameworks */,
				40689CD12E8DF8A9009E4E7A /* Resources */,
			);
			buildRules = (
			);
			dependencies = (
				40689CD52E8DF8A9009E4E7A /* PBXTargetDependency */,
			);
			fileSystemSynchronizedGroups = (
				40689CD62E8DF8A9009E4E7A /* UIKit_CodingUITests */,
			);
			name = UIKit_CodingUITests;
			packageProductDependencies = (
			);
			productName = UIKit_CodingUITests;
			productReference = 40689CD32E8DF8A9009E4E7A /* UIKit_CodingUITests.xctest */;
			productType = "com.apple.product-type.bundle.ui-testing";
		};
/* End PBXNativeTarget section */

/* Begin PBXProject section */
		40689CA82E8DF8A7009E4E7A /* Project object */ = {
			isa = PBXProject;
			attributes = {
				BuildIndependentTargetsInParallel = 1;
				LastSwiftUpdateCheck = 2600;
				LastUpgradeCheck = 2600;
				TargetAttributes = {
					40689CAF2E8DF8A7009E4E7A = {
						CreatedOnToolsVersion = 26.0.1;
					};
					40689CC82E8DF8A9009E4E7A = {
						CreatedOnToolsVersion = 26.0.1;
						TestTargetID = 40689CAF2E8DF8A7009E4E7A;
					};
					40689CD22E8DF8A9009E4E7A = {
						CreatedOnToolsVersion = 26.0.1;
						TestTargetID = 40689CAF2E8DF8A7009E4E7A;
					};
				};
			};
			buildConfigurationList = 40689CAB2E8DF8A7009E4E7A /* Build configuration list for PBXProject "UIKit_Coding" */;
			developmentRegion = en;
			hasScannedForEncodings = 0;
			knownRegions = (
				en,
				Base,
			);
			mainGroup = 40689CA72E8DF8A7009E4E7A;
			minimizedProjectReferenceProxies = 1;
			packageReferences = (
				1E973B0D2E8E532C002D67F6 /* XCRemoteSwiftPackageReference "SnapKit" */,
			);
			preferredProjectObjectVersion = 77;
			productRefGroup = 40689CB12E8DF8A7009E4E7A /* Products */;
			projectDirPath = "";
			projectRoot = "";
			targets = (
				40689CAF2E8DF8A7009E4E7A /* UIKit_Coding */,
				40689CC82E8DF8A9009E4E7A /* UIKit_CodingTests */,
				40689CD22E8DF8A9009E4E7A /* UIKit_CodingUITests */,
			);
		};
/* End PBXProject section */

/* Begin PBXResourcesBuildPhase section */
		40689CAE2E8DF8A7009E4E7A /* Resources */ = {
			isa = PBXResourcesBuildPhase;
			buildActionMask = 2147483647;
			files = (
			);
			runOnlyForDeploymentPostprocessing = 0;
		};
		40689CC72E8DF8A9009E4E7A /* Resources */ = {
			isa = PBXResourcesBuildPhase;
			buildActionMask = 2147483647;
			files = (
			);
			runOnlyForDeploymentPostprocessing = 0;
		};
		40689CD12E8DF8A9009E4E7A /* Resources */ = {
			isa = PBXResourcesBuildPhase;
			buildActionMask = 2147483647;
			files = (
			);
			runOnlyForDeploymentPostprocessing = 0;
		};
/* End PBXResourcesBuildPhase section */

/* Begin PBXSourcesBuildPhase section */
		40689CAC2E8DF8A7009E4E7A /* Sources */ = {
			isa = PBXSourcesBuildPhase;
			buildActionMask = 2147483647;
			files = (
			);
			runOnlyForDeploymentPostprocessing = 0;
		};
		40689CC52E8DF8A9009E4E7A /* Sources */ = {
			isa = PBXSourcesBuildPhase;
			buildActionMask = 2147483647;
			files = (
			);
			runOnlyForDeploymentPostprocessing = 0;
		};
		40689CCF2E8DF8A9009E4E7A /* Sources */ = {
			isa = PBXSourcesBuildPhase;
			buildActionMask = 2147483647;
			files = (
			);
			runOnlyForDeploymentPostprocessing = 0;
		};
/* End PBXSourcesBuildPhase section */

/* Begin PBXTargetDependency section */
		40689CCB2E8DF8A9009E4E7A /* PBXTargetDependency */ = {
			isa = PBXTargetDependency;
			target = 40689CAF2E8DF8A7009E4E7A /* UIKit_Coding */;
			targetProxy = 40689CCA2E8DF8A9009E4E7A /* PBXContainerItemProxy */;
		};
		40689CD52E8DF8A9009E4E7A /* PBXTargetDependency */ = {
			isa = PBXTargetDependency;
			target = 40689CAF2E8DF8A7009E4E7A /* UIKit_Coding */;
			targetProxy = 40689CD42E8DF8A9009E4E7A /* PBXContainerItemProxy */;
		};
/* End PBXTargetDependency section */

/* Begin XCBuildConfiguration section */
		40689CDD2E8DF8A9009E4E7A /* Debug */ = {
			isa = XCBuildConfiguration;
			buildSettings = {
				ASSETCATALOG_COMPILER_APPICON_NAME = AppIcon;
				ASSETCATALOG_COMPILER_GLOBAL_ACCENT_COLOR_NAME = AccentColor;
				CODE_SIGN_STYLE = Automatic;
				CURRENT_PROJECT_VERSION = 1;
				DEVELOPMENT_TEAM = L6Q3MJXV23;
				GENERATE_INFOPLIST_FILE = YES;
				INFOPLIST_FILE = UIKit_Coding/Info.plist;
				INFOPLIST_KEY_UIApplicationSupportsIndirectInputEvents = YES;
				INFOPLIST_KEY_UILaunchStoryboardName = LaunchScreen;
				INFOPLIST_KEY_UIMainStoryboardFile = Main;
				INFOPLIST_KEY_UISupportedInterfaceOrientations_iPad = "UIInterfaceOrientationPortrait UIInterfaceOrientationPortraitUpsideDown UIInterfaceOrientationLandscapeLeft UIInterfaceOrientationLandscapeRight";
				INFOPLIST_KEY_UISupportedInterfaceOrientations_iPhone = "UIInterfaceOrientationPortrait UIInterfaceOrientationLandscapeLeft UIInterfaceOrientationLandscapeRight";
				IPHONEOS_DEPLOYMENT_TARGET = 18.6;
				LD_RUNPATH_SEARCH_PATHS = (
					"$(inherited)",
					"@executable_path/Frameworks",
				);
				MARKETING_VERSION = 1.0;
				PRODUCT_BUNDLE_IDENTIFIER = "com.masa4y44-.masaya.nakakuki.UIKit-Coding";
				PRODUCT_NAME = "$(TARGET_NAME)";
				STRING_CATALOG_GENERATE_SYMBOLS = YES;
				SWIFT_APPROACHABLE_CONCURRENCY = YES;
				SWIFT_DEFAULT_ACTOR_ISOLATION = MainActor;
				SWIFT_EMIT_LOC_STRINGS = YES;
				SWIFT_UPCOMING_FEATURE_MEMBER_IMPORT_VISIBILITY = YES;
				SWIFT_VERSION = 5.0;
				TARGETED_DEVICE_FAMILY = "1,2";
			};
			name = Debug;
		};
		40689CDE2E8DF8A9009E4E7A /* Release */ = {
			isa = XCBuildConfiguration;
			buildSettings = {
				ASSETCATALOG_COMPILER_APPICON_NAME = AppIcon;
				ASSETCATALOG_COMPILER_GLOBAL_ACCENT_COLOR_NAME = AccentColor;
				CODE_SIGN_STYLE = Automatic;
				CURRENT_PROJECT_VERSION = 1;
				DEVELOPMENT_TEAM = L6Q3MJXV23;
				GENERATE_INFOPLIST_FILE = YES;
				INFOPLIST_FILE = UIKit_Coding/Info.plist;
				INFOPLIST_KEY_UIApplicationSupportsIndirectInputEvents = YES;
				INFOPLIST_KEY_UILaunchStoryboardName = LaunchScreen;
				INFOPLIST_KEY_UIMainStoryboardFile = Main;
				INFOPLIST_KEY_UISupportedInterfaceOrientations_iPad = "UIInterfaceOrientationPortrait UIInterfaceOrientationPortraitUpsideDown UIInterfaceOrientationLandscapeLeft UIInterfaceOrientationLandscapeRight";
				INFOPLIST_KEY_UISupportedInterfaceOrientations_iPhone = "UIInterfaceOrientationPortrait UIInterfaceOrientationLandscapeLeft UIInterfaceOrientationLandscapeRight";
				IPHONEOS_DEPLOYMENT_TARGET = 18.6;
				LD_RUNPATH_SEARCH_PATHS = (
					"$(inherited)",
					"@executable_path/Frameworks",
				);
				MARKETING_VERSION = 1.0;
				PRODUCT_BUNDLE_IDENTIFIER = "com.masa4y44-.masaya.nakakuki.UIKit-Coding";
				PRODUCT_NAME = "$(TARGET_NAME)";
				STRING_CATALOG_GENERATE_SYMBOLS = YES;
				SWIFT_APPROACHABLE_CONCURRENCY = YES;
				SWIFT_DEFAULT_ACTOR_ISOLATION = MainActor;
				SWIFT_EMIT_LOC_STRINGS = YES;
				SWIFT_UPCOMING_FEATURE_MEMBER_IMPORT_VISIBILITY = YES;
				SWIFT_VERSION = 5.0;
				TARGETED_DEVICE_FAMILY = "1,2";
			};
			name = Release;
		};
		40689CDF2E8DF8A9009E4E7A /* Debug */ = {
			isa = XCBuildConfiguration;
			buildSettings = {
				ALWAYS_SEARCH_USER_PATHS = NO;
				ASSETCATALOG_COMPILER_GENERATE_SWIFT_ASSET_SYMBOL_EXTENSIONS = YES;
				CLANG_ANALYZER_NONNULL = YES;
				CLANG_ANALYZER_NUMBER_OBJECT_CONVERSION = YES_AGGRESSIVE;
				CLANG_CXX_LANGUAGE_STANDARD = "gnu++20";
				CLANG_ENABLE_MODULES = YES;
				CLANG_ENABLE_OBJC_ARC = YES;
				CLANG_ENABLE_OBJC_WEAK = YES;
				CLANG_WARN_BLOCK_CAPTURE_AUTORELEASING = YES;
				CLANG_WARN_BOOL_CONVERSION = YES;
				CLANG_WARN_COMMA = YES;
				CLANG_WARN_CONSTANT_CONVERSION = YES;
				CLANG_WARN_DEPRECATED_OBJC_IMPLEMENTATIONS = YES;
				CLANG_WARN_DIRECT_OBJC_ISA_USAGE = YES_ERROR;
				CLANG_WARN_DOCUMENTATION_COMMENTS = YES;
				CLANG_WARN_EMPTY_BODY = YES;
				CLANG_WARN_ENUM_CONVERSION = YES;
				CLANG_WARN_INFINITE_RECURSION = YES;
				CLANG_WARN_INT_CONVERSION = YES;
				CLANG_WARN_NON_LITERAL_NULL_CONVERSION = YES;
				CLANG_WARN_OBJC_IMPLICIT_RETAIN_SELF = YES;
				CLANG_WARN_OBJC_LITERAL_CONVERSION = YES;
				CLANG_WARN_OBJC_ROOT_CLASS = YES_ERROR;
				CLANG_WARN_QUOTED_INCLUDE_IN_FRAMEWORK_HEADER = YES;
				CLANG_WARN_RANGE_LOOP_ANALYSIS = YES;
				CLANG_WARN_STRICT_PROTOTYPES = YES;
				CLANG_WARN_SUSPICIOUS_MOVE = YES;
				CLANG_WARN_UNGUARDED_AVAILABILITY = YES_AGGRESSIVE;
				CLANG_WARN_UNREACHABLE_CODE = YES;
				CLANG_WARN__DUPLICATE_METHOD_MATCH = YES;
				COPY_PHASE_STRIP = NO;
				DEBUG_INFORMATION_FORMAT = dwarf;
				DEVELOPMENT_TEAM = L6Q3MJXV23;
				ENABLE_STRICT_OBJC_MSGSEND = YES;
				ENABLE_TESTABILITY = YES;
				ENABLE_USER_SCRIPT_SANDBOXING = YES;
				GCC_C_LANGUAGE_STANDARD = gnu17;
				GCC_DYNAMIC_NO_PIC = NO;
				GCC_NO_COMMON_BLOCKS = YES;
				GCC_OPTIMIZATION_LEVEL = 0;
				GCC_PREPROCESSOR_DEFINITIONS = (
					"DEBUG=1",
					"$(inherited)",
				);
				GCC_WARN_64_TO_32_BIT_CONVERSION = YES;
				GCC_WARN_ABOUT_RETURN_TYPE = YES_ERROR;
				GCC_WARN_UNDECLARED_SELECTOR = YES;
				GCC_WARN_UNINITIALIZED_AUTOS = YES_AGGRESSIVE;
				GCC_WARN_UNUSED_FUNCTION = YES;
				GCC_WARN_UNUSED_VARIABLE = YES;
				IPHONEOS_DEPLOYMENT_TARGET = 26.0;
				LOCALIZATION_PREFERS_STRING_CATALOGS = YES;
				MTL_ENABLE_DEBUG_INFO = INCLUDE_SOURCE;
				MTL_FAST_MATH = YES;
				ONLY_ACTIVE_ARCH = YES;
				SDKROOT = iphoneos;
				SWIFT_ACTIVE_COMPILATION_CONDITIONS = "DEBUG $(inherited)";
				SWIFT_OPTIMIZATION_LEVEL = "-Onone";
			};
			name = Debug;
		};
		40689CE02E8DF8A9009E4E7A /* Release */ = {
			isa = XCBuildConfiguration;
			buildSettings = {
				ALWAYS_SEARCH_USER_PATHS = NO;
				ASSETCATALOG_COMPILER_GENERATE_SWIFT_ASSET_SYMBOL_EXTENSIONS = YES;
				CLANG_ANALYZER_NONNULL = YES;
				CLANG_ANALYZER_NUMBER_OBJECT_CONVERSION = YES_AGGRESSIVE;
				CLANG_CXX_LANGUAGE_STANDARD = "gnu++20";
				CLANG_ENABLE_MODULES = YES;
				CLANG_ENABLE_OBJC_ARC = YES;
				CLANG_ENABLE_OBJC_WEAK = YES;
				CLANG_WARN_BLOCK_CAPTURE_AUTORELEASING = YES;
				CLANG_WARN_BOOL_CONVERSION = YES;
				CLANG_WARN_COMMA = YES;
				CLANG_WARN_CONSTANT_CONVERSION = YES;
				CLANG_WARN_DEPRECATED_OBJC_IMPLEMENTATIONS = YES;
				CLANG_WARN_DIRECT_OBJC_ISA_USAGE = YES_ERROR;
				CLANG_WARN_DOCUMENTATION_COMMENTS = YES;
				CLANG_WARN_EMPTY_BODY = YES;
				CLANG_WARN_ENUM_CONVERSION = YES;
				CLANG_WARN_INFINITE_RECURSION = YES;
				CLANG_WARN_INT_CONVERSION = YES;
				CLANG_WARN_NON_LITERAL_NULL_CONVERSION = YES;
				CLANG_WARN_OBJC_IMPLICIT_RETAIN_SELF = YES;
				CLANG_WARN_OBJC_LITERAL_CONVERSION = YES;
				CLANG_WARN_OBJC_ROOT_CLASS = YES_ERROR;
				CLANG_WARN_QUOTED_INCLUDE_IN_FRAMEWORK_HEADER = YES;
				CLANG_WARN_RANGE_LOOP_ANALYSIS = YES;
				CLANG_WARN_STRICT_PROTOTYPES = YES;
				CLANG_WARN_SUSPICIOUS_MOVE = YES;
				CLANG_WARN_UNGUARDED_AVAILABILITY = YES_AGGRESSIVE;
				CLANG_WARN_UNREACHABLE_CODE = YES;
				CLANG_WARN__DUPLICATE_METHOD_MATCH = YES;
				COPY_PHASE_STRIP = NO;
				DEBUG_INFORMATION_FORMAT = "dwarf-with-dsym";
				DEVELOPMENT_TEAM = L6Q3MJXV23;
				ENABLE_NS_ASSERTIONS = NO;
				ENABLE_STRICT_OBJC_MSGSEND = YES;
				ENABLE_USER_SCRIPT_SANDBOXING = YES;
				GCC_C_LANGUAGE_STANDARD = gnu17;
				GCC_NO_COMMON_BLOCKS = YES;
				GCC_WARN_64_TO_32_BIT_CONVERSION = YES;
				GCC_WARN_ABOUT_RETURN_TYPE = YES_ERROR;
				GCC_WARN_UNDECLARED_SELECTOR = YES;
				GCC_WARN_UNINITIALIZED_AUTOS = YES_AGGRESSIVE;
				GCC_WARN_UNUSED_FUNCTION = YES;
				GCC_WARN_UNUSED_VARIABLE = YES;
				IPHONEOS_DEPLOYMENT_TARGET = 26.0;
				LOCALIZATION_PREFERS_STRING_CATALOGS = YES;
				MTL_ENABLE_DEBUG_INFO = NO;
				MTL_FAST_MATH = YES;
				SDKROOT = iphoneos;
				SWIFT_COMPILATION_MODE = wholemodule;
				VALIDATE_PRODUCT = YES;
			};
			name = Release;
		};
		40689CE22E8DF8A9009E4E7A /* Debug */ = {
			isa = XCBuildConfiguration;
			buildSettings = {
				BUNDLE_LOADER = "$(TEST_HOST)";
				CODE_SIGN_STYLE = Automatic;
				CURRENT_PROJECT_VERSION = 1;
				DEVELOPMENT_TEAM = L6Q3MJXV23;
				GENERATE_INFOPLIST_FILE = YES;
				IPHONEOS_DEPLOYMENT_TARGET = 26.0;
				MARKETING_VERSION = 1.0;
				PRODUCT_BUNDLE_IDENTIFIER = "com.masa4y44-.masaya.nakakuki.UIKit-CodingTests";
				PRODUCT_NAME = "$(TARGET_NAME)";
				STRING_CATALOG_GENERATE_SYMBOLS = NO;
				SWIFT_APPROACHABLE_CONCURRENCY = YES;
				SWIFT_EMIT_LOC_STRINGS = NO;
				SWIFT_UPCOMING_FEATURE_MEMBER_IMPORT_VISIBILITY = YES;
				SWIFT_VERSION = 5.0;
				TARGETED_DEVICE_FAMILY = "1,2";
				TEST_HOST = "$(BUILT_PRODUCTS_DIR)/UIKit_Coding.app/$(BUNDLE_EXECUTABLE_FOLDER_PATH)/UIKit_Coding";
			};
			name = Debug;
		};
		40689CE32E8DF8A9009E4E7A /* Release */ = {
			isa = XCBuildConfiguration;
			buildSettings = {
				BUNDLE_LOADER = "$(TEST_HOST)";
				CODE_SIGN_STYLE = Automatic;
				CURRENT_PROJECT_VERSION = 1;
				DEVELOPMENT_TEAM = L6Q3MJXV23;
				GENERATE_INFOPLIST_FILE = YES;
				IPHONEOS_DEPLOYMENT_TARGET = 26.0;
				MARKETING_VERSION = 1.0;
				PRODUCT_BUNDLE_IDENTIFIER = "com.masa4y44-.masaya.nakakuki.UIKit-CodingTests";
				PRODUCT_NAME = "$(TARGET_NAME)";
				STRING_CATALOG_GENERATE_SYMBOLS = NO;
				SWIFT_APPROACHABLE_CONCURRENCY = YES;
				SWIFT_EMIT_LOC_STRINGS = NO;
				SWIFT_UPCOMING_FEATURE_MEMBER_IMPORT_VISIBILITY = YES;
				SWIFT_VERSION = 5.0;
				TARGETED_DEVICE_FAMILY = "1,2";
				TEST_HOST = "$(BUILT_PRODUCTS_DIR)/UIKit_Coding.app/$(BUNDLE_EXECUTABLE_FOLDER_PATH)/UIKit_Coding";
			};
			name = Release;
		};
		40689CE52E8DF8A9009E4E7A /* Debug */ = {
			isa = XCBuildConfiguration;
			buildSettings = {
				CODE_SIGN_STYLE = Automatic;
				CURRENT_PROJECT_VERSION = 1;
				DEVELOPMENT_TEAM = L6Q3MJXV23;
				GENERATE_INFOPLIST_FILE = YES;
				MARKETING_VERSION = 1.0;
				PRODUCT_BUNDLE_IDENTIFIER = "com.masa4y44-.masaya.nakakuki.UIKit-CodingUITests";
				PRODUCT_NAME = "$(TARGET_NAME)";
				STRING_CATALOG_GENERATE_SYMBOLS = NO;
				SWIFT_APPROACHABLE_CONCURRENCY = YES;
				SWIFT_EMIT_LOC_STRINGS = NO;
				SWIFT_UPCOMING_FEATURE_MEMBER_IMPORT_VISIBILITY = YES;
				SWIFT_VERSION = 5.0;
				TARGETED_DEVICE_FAMILY = "1,2";
				TEST_TARGET_NAME = UIKit_Coding;
			};
			name = Debug;
		};
		40689CE62E8DF8A9009E4E7A /* Release */ = {
			isa = XCBuildConfiguration;
			buildSettings = {
				CODE_SIGN_STYLE = Automatic;
				CURRENT_PROJECT_VERSION = 1;
				DEVELOPMENT_TEAM = L6Q3MJXV23;
				GENERATE_INFOPLIST_FILE = YES;
				MARKETING_VERSION = 1.0;
				PRODUCT_BUNDLE_IDENTIFIER = "com.masa4y44-.masaya.nakakuki.UIKit-CodingUITests";
				PRODUCT_NAME = "$(TARGET_NAME)";
				STRING_CATALOG_GENERATE_SYMBOLS = NO;
				SWIFT_APPROACHABLE_CONCURRENCY = YES;
				SWIFT_EMIT_LOC_STRINGS = NO;
				SWIFT_UPCOMING_FEATURE_MEMBER_IMPORT_VISIBILITY = YES;
				SWIFT_VERSION = 5.0;
				TARGETED_DEVICE_FAMILY = "1,2";
				TEST_TARGET_NAME = UIKit_Coding;
			};
			name = Release;
		};
/* End XCBuildConfiguration section */

/* Begin XCConfigurationList section */
		40689CAB2E8DF8A7009E4E7A /* Build configuration list for PBXProject "UIKit_Coding" */ = {
			isa = XCConfigurationList;
			buildConfigurations = (
				40689CDF2E8DF8A9009E4E7A /* Debug */,
				40689CE02E8DF8A9009E4E7A /* Release */,
			);
			defaultConfigurationIsVisible = 0;
			defaultConfigurationName = Release;
		};
		40689CDC2E8DF8A9009E4E7A /* Build configuration list for PBXNativeTarget "UIKit_Coding" */ = {
			isa = XCConfigurationList;
			buildConfigurations = (
				40689CDD2E8DF8A9009E4E7A /* Debug */,
				40689CDE2E8DF8A9009E4E7A /* Release */,
			);
			defaultConfigurationIsVisible = 0;
			defaultConfigurationName = Release;
		};
		40689CE12E8DF8A9009E4E7A /* Build configuration list for PBXNativeTarget "UIKit_CodingTests" */ = {
			isa = XCConfigurationList;
			buildConfigurations = (
				40689CE22E8DF8A9009E4E7A /* Debug */,
				40689CE32E8DF8A9009E4E7A /* Release */,
			);
			defaultConfigurationIsVisible = 0;
			defaultConfigurationName = Release;
		};
		40689CE42E8DF8A9009E4E7A /* Build configuration list for PBXNativeTarget "UIKit_CodingUITests" */ = {
			isa = XCConfigurationList;
			buildConfigurations = (
				40689CE52E8DF8A9009E4E7A /* Debug */,
				40689CE62E8DF8A9009E4E7A /* Release */,
			);
			defaultConfigurationIsVisible = 0;
			defaultConfigurationName = Release;
		};
/* End XCConfigurationList section */

/* Begin XCRemoteSwiftPackageReference section */
		1E973B0D2E8E532C002D67F6 /* XCRemoteSwiftPackageReference "SnapKit" */ = {
			isa = XCRemoteSwiftPackageReference;
			repositoryURL = "https://github.com/SnapKit/SnapKit";
			requirement = {
				kind = upToNextMajorVersion;
				minimumVersion = 5.7.1;
			};
		};
/* End XCRemoteSwiftPackageReference section */

/* Begin XCSwiftPackageProductDependency section */
		1E973B0E2E8E532C002D67F6 /* SnapKit */ = {
			isa = XCSwiftPackageProductDependency;
			package = 1E973B0D2E8E532C002D67F6 /* XCRemoteSwiftPackageReference "SnapKit" */;
			productName = SnapKit;
		};
/* End XCSwiftPackageProductDependency section */
	};
	rootObject = 40689CA82E8DF8A7009E4E7A /* Project object */;
}
